
Microsoft Visual Studio Solution File, Format Version 12.00
# Visual Studio Version 17
VisualStudioVersion = 17.8.34330.188
MinimumVisualStudioVersion = 10.0.40219.1
Project("{FAE04EC0-301F-11D3-BF4B-00C04F79EFBC}") = "Lafatkotob", "Lafatkotob\Lafatkotob.csproj", "{35BF1022-C9D8-4A09-9507-4825BC3FFC83}"
EndProject
Global
	GlobalSection(SolutionConfigurationPlatforms) = preSolution
		Debug|Any CPU = Debug|Any CPU
		Release|Any CPU = Release|Any CPU
	EndGlobalSection
	GlobalSection(ProjectConfigurationPlatforms) = postSolution
		{35BF1022-C9D8-4A09-9507-4825BC3FFC83}.Debug|Any CPU.ActiveCfg = Debug|Any CPU
		{35BF1022-C9D8-4A09-9507-4825BC3FFC83}.Debug|Any CPU.Build.0 = Debug|Any CPU
		{35BF1022-C9D8-4A09-9507-4825BC3FFC83}.Release|Any CPU.ActiveCfg = Release|Any CPU
		{35BF1022-C9D8-4A09-9507-4825BC3FFC83}.Release|Any CPU.Build.0 = Release|Any CPU
	EndGlobalSection
	GlobalSection(SolutionProperties) = preSolution
		HideSolutionNode = FALSE
	EndGlobalSection
	GlobalSection(ExtensibilityGlobals) = postSolution
		SolutionGuid = {C0844964-2790-42FF-B3DE-2FB090A257CC}
	EndGlobalSection
EndGlobal
